
Microsoft Visual Studio Solution File, Format Version 12.00
# Visual Studio Version 17
VisualStudioVersion = 17.3.32804.467
MinimumVisualStudioVersion = 10.0.40219.1
Project("{9A19103F-16F7-4668-BE54-9A1E7A4F7556}") = "Library.API", "Library.API\Library.API.csproj", "{BC24DB71-FA58-465C-B127-D2EF0A4E02C4}"
EndProject
Project("{9A19103F-16F7-4668-BE54-9A1E7A4F7556}") = "LibraryAPI.Test", "LibraryAPI.Test\LibraryAPI.Test.csproj", "{F84DEFAF-646D-4242-8BB2-2572B772CB73}"
EndProject
Project("{9A19103F-16F7-4668-BE54-9A1E7A4F7556}") = "CalculatorApp", "CalculatorApp\CalculatorApp.csproj", "{72ABE801-C89B-487B-B720-9CCFE365A53B}"
EndProject
Project("{9A19103F-16F7-4668-BE54-9A1E7A4F7556}") = "CalculatorApp.Test", "CalculatorApp.Test\CalculatorApp.Test.csproj", "{5D04AB57-974F-4F3D-AE71-160558464738}"
EndProject
Project("{9A19103F-16F7-4668-BE54-9A1E7A4F7556}") = "LibraryApp", "LibraryApp\LibraryApp.csproj", "{6F716174-2A51-42CD-A7B8-6539060E962C}"
EndProject
Project("{9A19103F-16F7-4668-BE54-9A1E7A4F7556}") = "LibraryApp.Test", "LibraryApp.Test\LibraryApp.Test.csproj", "{45A2B678-5438-4BD6-91FB-C778ECED04AD}"
EndProject
Project("{2150E333-8FDC-42A3-9474-1A3956D46DE8}") = "Solution Items", "Solution Items", "{082806A8-350E-4A6C-A620-D2E7B360E635}"
	ProjectSection(SolutionItems) = preProject
		xunit-testcase-template-fact.snippet = xunit-testcase-template-fact.snippet
		xunit-testcase-template-theory-classdata.snippet = xunit-testcase-template-theory-classdata.snippet
		xunit-testcase-template-theory-inlinedata.snippet = xunit-testcase-template-theory-inlinedata.snippet
		xunit-testcase-template-theory-memberdata.snippet = xunit-testcase-template-theory-memberdata.snippet
	EndProjectSection
EndProject
Global
	GlobalSection(SolutionConfigurationPlatforms) = preSolution
		Debug|Any CPU = Debug|Any CPU
		Release|Any CPU = Release|Any CPU
	EndGlobalSection
	GlobalSection(ProjectConfigurationPlatforms) = postSolution
		{BC24DB71-FA58-465C-B127-D2EF0A4E02C4}.Debug|Any CPU.ActiveCfg = Debug|Any CPU
		{BC24DB71-FA58-465C-B127-D2EF0A4E02C4}.Debug|Any CPU.Build.0 = Debug|Any CPU
		{BC24DB71-FA58-465C-B127-D2EF0A4E02C4}.Release|Any CPU.ActiveCfg = Release|Any CPU
		{BC24DB71-FA58-465C-B127-D2EF0A4E02C4}.Release|Any CPU.Build.0 = Release|Any CPU
		{F84DEFAF-646D-4242-8BB2-2572B772CB73}.Debug|Any CPU.ActiveCfg = Debug|Any CPU
		{F84DEFAF-646D-4242-8BB2-2572B772CB73}.Debug|Any CPU.Build.0 = Debug|Any CPU
		{F84DEFAF-646D-4242-8BB2-2572B772CB73}.Release|Any CPU.ActiveCfg = Release|Any CPU
		{F84DEFAF-646D-4242-8BB2-2572B772CB73}.Release|Any CPU.Build.0 = Release|Any CPU
		{72ABE801-C89B-487B-B720-9CCFE365A53B}.Debug|Any CPU.ActiveCfg = Debug|Any CPU
		{72ABE801-C89B-487B-B720-9CCFE365A53B}.Debug|Any CPU.Build.0 = Debug|Any CPU
		{72ABE801-C89B-487B-B720-9CCFE365A53B}.Release|Any CPU.ActiveCfg = Release|Any CPU
		{72ABE801-C89B-487B-B720-9CCFE365A53B}.Release|Any CPU.Build.0 = Release|Any CPU
		{5D04AB57-974F-4F3D-AE71-160558464738}.Debug|Any CPU.ActiveCfg = Debug|Any CPU
		{5D04AB57-974F-4F3D-AE71-160558464738}.Debug|Any CPU.Build.0 = Debug|Any CPU
		{5D04AB57-974F-4F3D-AE71-160558464738}.Release|Any CPU.ActiveCfg = Release|Any CPU
		{5D04AB57-974F-4F3D-AE71-160558464738}.Release|Any CPU.Build.0 = Release|Any CPU
		{6F716174-2A51-42CD-A7B8-6539060E962C}.Debug|Any CPU.ActiveCfg = Debug|Any CPU
		{6F716174-2A51-42CD-A7B8-6539060E962C}.Debug|Any CPU.Build.0 = Debug|Any CPU
		{6F716174-2A51-42CD-A7B8-6539060E962C}.Release|Any CPU.ActiveCfg = Release|Any CPU
		{6F716174-2A51-42CD-A7B8-6539060E962C}.Release|Any CPU.Build.0 = Release|Any CPU
		{45A2B678-5438-4BD6-91FB-C778ECED04AD}.Debug|Any CPU.ActiveCfg = Debug|Any CPU
		{45A2B678-5438-4BD6-91FB-C778ECED04AD}.Debug|Any CPU.Build.0 = Debug|Any CPU
		{45A2B678-5438-4BD6-91FB-C778ECED04AD}.Release|Any CPU.ActiveCfg = Release|Any CPU
		{45A2B678-5438-4BD6-91FB-C778ECED04AD}.Release|Any CPU.Build.0 = Release|Any CPU
	EndGlobalSection
	GlobalSection(SolutionProperties) = preSolution
		HideSolutionNode = FALSE
	EndGlobalSection
	GlobalSection(ExtensibilityGlobals) = postSolution
		SolutionGuid = {C78FFF0E-2080-437D-9E48-A184A7EA9A68}
	EndGlobalSection
EndGlobal
